{
  "name": "@darkwolf/base32hex",
  "version": "1.0.0",
  "lockfileVersion": 1,
  "requires": true,
  "dependencies": {
    "@darkwolf/primordials": {
      "version": "1.2.0",
      "resolved": "https://registry.npmjs.org/@darkwolf/primordials/-/primordials-1.2.0.tgz",
      "integrity": "sha512-hyF+kAwARQk4cUuFTWt0bT9SsmpVeat4jf97fDpjx75W7MtMBvFEfJyHZCisuQtdyRLrrIwrTfWoD4AnCTDVcg=="
    }
  }
}
